
Microsoft Visual Studio Solution File, Format Version 12.00
# Visual Studio Version 17
VisualStudioVersion = 17.0.31903.59
MinimumVisualStudioVersion = 10.0.40219.1
Project("{2150E333-8FDC-42A3-9474-1A3956D46DE8}") = "src", "src", "{5D346F65-74EC-4057-8D4E-C96BFAF43E42}"
EndProject
Project("{FAE04EC0-301F-11D3-BF4B-00C04F79EFBC}") = "MeiPlatform.Api", "src\MeiPlatform.Api\MeiPlatform.Api.csproj", "{7F598C6E-587A-4328-B795-4F0815AE0FDC}"
EndProject
Project("{FAE04EC0-301F-11D3-BF4B-00C04F79EFBC}") = "MeiPlatform.Application", "src\MeiPlatform.Application\MeiPlatform.Application.csproj", "{CE904056-B322-40EB-8CBF-A9975BF85B58}"
EndProject
Project("{FAE04EC0-301F-11D3-BF4B-00C04F79EFBC}") = "MeiPlatform.Infrastructure", "src\MeiPlatform.Infrastructure\MeiPlatform.Infrastructure.csproj", "{04FF6C7A-6828-4004-860E-9B5826999288}"
EndProject
Project("{2150E333-8FDC-42A3-9474-1A3956D46DE8}") = "tests", "tests", "{CA103376-5E67-415F-BBA5-591A240A17F1}"
EndProject
Project("{FAE04EC0-301F-11D3-BF4B-00C04F79EFBC}") = "MeiPlatform.Tests", "tests\MeiPlatform.Tests\MeiPlatform.Tests.csproj", "{CE98A0AC-CD19-4677-BB5F-E99EBF069FFC}"
EndProject
Global
	GlobalSection(SolutionConfigurationPlatforms) = preSolution
		Debug|Any CPU = Debug|Any CPU
		Release|Any CPU = Release|Any CPU
	EndGlobalSection
	GlobalSection(SolutionProperties) = preSolution
		HideSolutionNode = FALSE
	EndGlobalSection
	GlobalSection(ProjectConfigurationPlatforms) = postSolution
		{7F598C6E-587A-4328-B795-4F0815AE0FDC}.Debug|Any CPU.ActiveCfg = Debug|Any CPU
		{7F598C6E-587A-4328-B795-4F0815AE0FDC}.Debug|Any CPU.Build.0 = Debug|Any CPU
		{7F598C6E-587A-4328-B795-4F0815AE0FDC}.Release|Any CPU.ActiveCfg = Release|Any CPU
		{7F598C6E-587A-4328-B795-4F0815AE0FDC}.Release|Any CPU.Build.0 = Release|Any CPU
		{CE904056-B322-40EB-8CBF-A9975BF85B58}.Debug|Any CPU.ActiveCfg = Debug|Any CPU
		{CE904056-B322-40EB-8CBF-A9975BF85B58}.Debug|Any CPU.Build.0 = Debug|Any CPU
		{CE904056-B322-40EB-8CBF-A9975BF85B58}.Release|Any CPU.ActiveCfg = Release|Any CPU
		{CE904056-B322-40EB-8CBF-A9975BF85B58}.Release|Any CPU.Build.0 = Release|Any CPU
		{04FF6C7A-6828-4004-860E-9B5826999288}.Debug|Any CPU.ActiveCfg = Debug|Any CPU
		{04FF6C7A-6828-4004-860E-9B5826999288}.Debug|Any CPU.Build.0 = Debug|Any CPU
		{04FF6C7A-6828-4004-860E-9B5826999288}.Release|Any CPU.ActiveCfg = Release|Any CPU
		{04FF6C7A-6828-4004-860E-9B5826999288}.Release|Any CPU.Build.0 = Release|Any CPU
		{CE98A0AC-CD19-4677-BB5F-E99EBF069FFC}.Debug|Any CPU.ActiveCfg = Debug|Any CPU
		{CE98A0AC-CD19-4677-BB5F-E99EBF069FFC}.Debug|Any CPU.Build.0 = Debug|Any CPU
		{CE98A0AC-CD19-4677-BB5F-E99EBF069FFC}.Release|Any CPU.ActiveCfg = Release|Any CPU
		{CE98A0AC-CD19-4677-BB5F-E99EBF069FFC}.Release|Any CPU.Build.0 = Release|Any CPU
	EndGlobalSection
	GlobalSection(NestedProjects) = preSolution
		{7F598C6E-587A-4328-B795-4F0815AE0FDC} = {5D346F65-74EC-4057-8D4E-C96BFAF43E42}
		{CE904056-B322-40EB-8CBF-A9975BF85B58} = {5D346F65-74EC-4057-8D4E-C96BFAF43E42}
		{04FF6C7A-6828-4004-860E-9B5826999288} = {5D346F65-74EC-4057-8D4E-C96BFAF43E42}
		{CE98A0AC-CD19-4677-BB5F-E99EBF069FFC} = {CA103376-5E67-415F-BBA5-591A240A17F1}
	EndGlobalSection
EndGlobal
